
Microsoft Visual Studio Solution File, Format Version 12.00
# Visual Studio 14
VisualStudioVersion = 14.0.22310.1
MinimumVisualStudioVersion = 10.0.40219.1
Project("{8BC9CEB8-8B4A-11D0-8D11-00A0C91BC942}") = "Test", "Test\Test.vcxproj", "{E74F54CA-17DF-4A0D-8687-74BC086365D7}"
EndProject
Project("{8BC9CEB8-8B4A-11D0-8D11-00A0C91BC942}") = "goto", "goto\goto.vcxproj", "{5A41CC30-B739-4EA1-A2B8-98A8340A34F8}"
EndProject
Project("{8BC9CEB8-8B4A-11D0-8D11-00A0C91BC942}") = "inline", "inline\inline.vcxproj", "{76488B32-A69B-45B2-AB0F-85BB42B481BA}"
EndProject
Project("{8BC9CEB8-8B4A-11D0-8D11-00A0C91BC942}") = "new_delete", "new_delete\new_delete.vcxproj", "{A8A26364-9567-4BFF-A1C7-52FEAC572C9D}"
EndProject
Project("{8BC9CEB8-8B4A-11D0-8D11-00A0C91BC942}") = "string", "string\string.vcxproj", "{1F3E4E13-50A0-41C9-B904-6662CC9D4C0B}"
EndProject
Project("{8BC9CEB8-8B4A-11D0-8D11-00A0C91BC942}") = "virtual", "virtual\virtual.vcxproj", "{188475AC-0469-45E4-B90A-987BE8030D54}"
EndProject
Project("{8BC9CEB8-8B4A-11D0-8D11-00A0C91BC942}") = "VirtualDestructor", "VirtualDestructor\VirtualDestructor.vcxproj", "{5EF98118-5905-4CCC-A310-2B961EF6539F}"
EndProject
Project("{8BC9CEB8-8B4A-11D0-8D11-00A0C91BC942}") = "whlie", "whlie\whlie.vcxproj", "{48B6463C-0EB8-4FE7-A24B-28F8D1340A0A}"
EndProject
Project("{8BC9CEB8-8B4A-11D0-8D11-00A0C91BC942}") = "抽象类实例", "抽象类实例\抽象类实例.vcxproj", "{78C6CAD8-E323-4816-ACF1-C91E6941B1DB}"
EndProject
Project("{8BC9CEB8-8B4A-11D0-8D11-00A0C91BC942}") = "纯虚函数与抽象类", "纯虚函数与抽象类\纯虚函数与抽象类.vcxproj", "{5F41F749-1D2E-4AEA-9C87-540E05C13B38}"
EndProject
Project("{8BC9CEB8-8B4A-11D0-8D11-00A0C91BC942}") = "打印杨辉三角", "打印杨辉三角\打印杨辉三角.vcxproj", "{E6595CCD-C5B5-45DE-BC33-15F7B2222AB8}"
EndProject
Project("{8BC9CEB8-8B4A-11D0-8D11-00A0C91BC942}") = "多重继承", "多重继承\多重继承.vcxproj", "{DDA9753E-1FA1-439F-AB79-FC5A92522E48}"
EndProject
Project("{8BC9CEB8-8B4A-11D0-8D11-00A0C91BC942}") = "函数模板", "函数模板\函数模板.vcxproj", "{716C6C50-C52A-4DE4-A2BE-14839AFE0C43}"
EndProject
Project("{8BC9CEB8-8B4A-11D0-8D11-00A0C91BC942}") = "类模板", "类模板\类模板.vcxproj", "{2B1E7DBC-0AE6-4517-A5AC-BD813D51D05E}"
EndProject
Project("{8BC9CEB8-8B4A-11D0-8D11-00A0C91BC942}") = "模板类特化", "模板类特化\模板类特化.vcxproj", "{55483344-5002-4AFF-BA36-755E71B3B427}"
EndProject
Project("{8BC9CEB8-8B4A-11D0-8D11-00A0C91BC942}") = "模拟抽象类", "模拟抽象类\模拟抽象类.vcxproj", "{5D5DE6E8-C7FB-4CCC-844D-7DA222C876C0}"
EndProject
Project("{8BC9CEB8-8B4A-11D0-8D11-00A0C91BC942}") = "嵌套类", "嵌套类\嵌套类.vcxproj", "{E94BCBF2-7653-43FF-AF8D-7B9F639B68E7}"
EndProject
Project("{8BC9CEB8-8B4A-11D0-8D11-00A0C91BC942}") = "头文件与源文件", "头文件与源文件\头文件与源文件.vcxproj", "{329225AD-FEA9-4874-8AF8-837329A45E9F}"
EndProject
Project("{8BC9CEB8-8B4A-11D0-8D11-00A0C91BC942}") = "未使用多重继承", "未使用多重继承\未使用多重继承.vcxproj", "{7E26504C-3276-40DD-B360-7EBECA7DD71B}"
EndProject
Project("{8BC9CEB8-8B4A-11D0-8D11-00A0C91BC942}") = "引用", "引用\引用.vcxproj", "{5BD754EC-3B74-4504-A931-9BAC86EFCCB5}"
EndProject
Project("{8BC9CEB8-8B4A-11D0-8D11-00A0C91BC942}") = "友元类", "友元类\友元类.vcxproj", "{DF4E5010-843A-438E-AAA9-47EA615B72A2}"
EndProject
Project("{8BC9CEB8-8B4A-11D0-8D11-00A0C91BC942}") = "运算符重载", "运算符重载\运算符重载.vcxproj", "{91562C28-B68C-4F20-A059-6CDFCDE8CAC6}"
EndProject
Project("{8BC9CEB8-8B4A-11D0-8D11-00A0C91BC942}") = "在堆中创建对象", "在堆中创建对象\在堆中创建对象.vcxproj", "{4D8B432A-56C1-4F48-89A7-A3BC85FCF94D}"
EndProject
Project("{8BC9CEB8-8B4A-11D0-8D11-00A0C91BC942}") = "组合", "组合\组合.vcxproj", "{75DD0ABF-4261-49E7-B513-AA7ED3622297}"
EndProject
Project("{8BC9CEB8-8B4A-11D0-8D11-00A0C91BC942}") = "读数据到矩阵", "读数据到矩阵\读数据到矩阵.vcxproj", "{1FE6A65E-0B96-4A8B-93DC-9FFD2EC443EB}"
EndProject
Project("{8BC9CEB8-8B4A-11D0-8D11-00A0C91BC942}") = "ctime时间库函数", "ctime时间库函数\ctime时间库函数.vcxproj", "{0F2551C2-BB8E-4A49-8486-DFA225112982}"
EndProject
Project("{8BC9CEB8-8B4A-11D0-8D11-00A0C91BC942}") = "windows系统时间函数", "windows系统时间函数\windows系统时间函数.vcxproj", "{6E73D6AF-C3F4-42DA-BF92-AC311F5BCC30}"
EndProject
Project("{8BC9CEB8-8B4A-11D0-8D11-00A0C91BC942}") = "system函数的使用", "system函数的使用\system函数的使用.vcxproj", "{C47A55AD-072B-4610-A238-A4EA3534D714}"
EndProject
Project("{8BC9CEB8-8B4A-11D0-8D11-00A0C91BC942}") = "汽车防碰报警", "汽车防碰报警\汽车防碰报警.vcxproj", "{16D33FE2-4382-47F8-9FD7-4849B3B5FA2D}"
EndProject
Project("{8BC9CEB8-8B4A-11D0-8D11-00A0C91BC942}") = "auto_ptr", "auto_ptr\auto_ptr.vcxproj", "{3BC76F07-F954-451C-AD71-0C32A6CF0449}"
EndProject
Project("{8BC9CEB8-8B4A-11D0-8D11-00A0C91BC942}") = "Exception", "Exception\Exception.vcxproj", "{ADADC03D-1E58-4257-B00C-CFD4166E31C9}"
EndProject
Global
	GlobalSection(SolutionConfigurationPlatforms) = preSolution
		Debug|Win32 = Debug|Win32
		Release|Win32 = Release|Win32
	EndGlobalSection
	GlobalSection(ProjectConfigurationPlatforms) = postSolution
		{E74F54CA-17DF-4A0D-8687-74BC086365D7}.Debug|Win32.ActiveCfg = Debug|Win32
		{E74F54CA-17DF-4A0D-8687-74BC086365D7}.Debug|Win32.Build.0 = Debug|Win32
		{E74F54CA-17DF-4A0D-8687-74BC086365D7}.Release|Win32.ActiveCfg = Release|Win32
		{E74F54CA-17DF-4A0D-8687-74BC086365D7}.Release|Win32.Build.0 = Release|Win32
		{5A41CC30-B739-4EA1-A2B8-98A8340A34F8}.Debug|Win32.ActiveCfg = Debug|Win32
		{5A41CC30-B739-4EA1-A2B8-98A8340A34F8}.Debug|Win32.Build.0 = Debug|Win32
		{5A41CC30-B739-4EA1-A2B8-98A8340A34F8}.Release|Win32.ActiveCfg = Release|Win32
		{5A41CC30-B739-4EA1-A2B8-98A8340A34F8}.Release|Win32.Build.0 = Release|Win32
		{76488B32-A69B-45B2-AB0F-85BB42B481BA}.Debug|Win32.ActiveCfg = Debug|Win32
		{76488B32-A69B-45B2-AB0F-85BB42B481BA}.Debug|Win32.Build.0 = Debug|Win32
		{76488B32-A69B-45B2-AB0F-85BB42B481BA}.Release|Win32.ActiveCfg = Release|Win32
		{76488B32-A69B-45B2-AB0F-85BB42B481BA}.Release|Win32.Build.0 = Release|Win32
		{A8A26364-9567-4BFF-A1C7-52FEAC572C9D}.Debug|Win32.ActiveCfg = Debug|Win32
		{A8A26364-9567-4BFF-A1C7-52FEAC572C9D}.Debug|Win32.Build.0 = Debug|Win32
		{A8A26364-9567-4BFF-A1C7-52FEAC572C9D}.Release|Win32.ActiveCfg = Release|Win32
		{A8A26364-9567-4BFF-A1C7-52FEAC572C9D}.Release|Win32.Build.0 = Release|Win32
		{1F3E4E13-50A0-41C9-B904-6662CC9D4C0B}.Debug|Win32.ActiveCfg = Debug|Win32
		{1F3E4E13-50A0-41C9-B904-6662CC9D4C0B}.Debug|Win32.Build.0 = Debug|Win32
		{1F3E4E13-50A0-41C9-B904-6662CC9D4C0B}.Release|Win32.ActiveCfg = Release|Win32
		{1F3E4E13-50A0-41C9-B904-6662CC9D4C0B}.Release|Win32.Build.0 = Release|Win32
		{188475AC-0469-45E4-B90A-987BE8030D54}.Debug|Win32.ActiveCfg = Debug|Win32
		{188475AC-0469-45E4-B90A-987BE8030D54}.Debug|Win32.Build.0 = Debug|Win32
		{188475AC-0469-45E4-B90A-987BE8030D54}.Release|Win32.ActiveCfg = Release|Win32
		{188475AC-0469-45E4-B90A-987BE8030D54}.Release|Win32.Build.0 = Release|Win32
		{5EF98118-5905-4CCC-A310-2B961EF6539F}.Debug|Win32.ActiveCfg = Debug|Win32
		{5EF98118-5905-4CCC-A310-2B961EF6539F}.Debug|Win32.Build.0 = Debug|Win32
		{5EF98118-5905-4CCC-A310-2B961EF6539F}.Release|Win32.ActiveCfg = Release|Win32
		{5EF98118-5905-4CCC-A310-2B961EF6539F}.Release|Win32.Build.0 = Release|Win32
		{48B6463C-0EB8-4FE7-A24B-28F8D1340A0A}.Debug|Win32.ActiveCfg = Debug|Win32
		{48B6463C-0EB8-4FE7-A24B-28F8D1340A0A}.Debug|Win32.Build.0 = Debug|Win32
		{48B6463C-0EB8-4FE7-A24B-28F8D1340A0A}.Release|Win32.ActiveCfg = Release|Win32
		{48B6463C-0EB8-4FE7-A24B-28F8D1340A0A}.Release|Win32.Build.0 = Release|Win32
		{78C6CAD8-E323-4816-ACF1-C91E6941B1DB}.Debug|Win32.ActiveCfg = Debug|Win32
		{78C6CAD8-E323-4816-ACF1-C91E6941B1DB}.Debug|Win32.Build.0 = Debug|Win32
		{78C6CAD8-E323-4816-ACF1-C91E6941B1DB}.Release|Win32.ActiveCfg = Release|Win32
		{78C6CAD8-E323-4816-ACF1-C91E6941B1DB}.Release|Win32.Build.0 = Release|Win32
		{5F41F749-1D2E-4AEA-9C87-540E05C13B38}.Debug|Win32.ActiveCfg = Debug|Win32
		{5F41F749-1D2E-4AEA-9C87-540E05C13B38}.Debug|Win32.Build.0 = Debug|Win32
		{5F41F749-1D2E-4AEA-9C87-540E05C13B38}.Release|Win32.ActiveCfg = Release|Win32
		{5F41F749-1D2E-4AEA-9C87-540E05C13B38}.Release|Win32.Build.0 = Release|Win32
		{E6595CCD-C5B5-45DE-BC33-15F7B2222AB8}.Debug|Win32.ActiveCfg = Debug|Win32
		{E6595CCD-C5B5-45DE-BC33-15F7B2222AB8}.Debug|Win32.Build.0 = Debug|Win32
		{E6595CCD-C5B5-45DE-BC33-15F7B2222AB8}.Release|Win32.ActiveCfg = Release|Win32
		{E6595CCD-C5B5-45DE-BC33-15F7B2222AB8}.Release|Win32.Build.0 = Release|Win32
		{DDA9753E-1FA1-439F-AB79-FC5A92522E48}.Debug|Win32.ActiveCfg = Debug|Win32
		{DDA9753E-1FA1-439F-AB79-FC5A92522E48}.Debug|Win32.Build.0 = Debug|Win32
		{DDA9753E-1FA1-439F-AB79-FC5A92522E48}.Release|Win32.ActiveCfg = Release|Win32
		{DDA9753E-1FA1-439F-AB79-FC5A92522E48}.Release|Win32.Build.0 = Release|Win32
		{716C6C50-C52A-4DE4-A2BE-14839AFE0C43}.Debug|Win32.ActiveCfg = Debug|Win32
		{716C6C50-C52A-4DE4-A2BE-14839AFE0C43}.Debug|Win32.Build.0 = Debug|Win32
		{716C6C50-C52A-4DE4-A2BE-14839AFE0C43}.Release|Win32.ActiveCfg = Release|Win32
		{716C6C50-C52A-4DE4-A2BE-14839AFE0C43}.Release|Win32.Build.0 = Release|Win32
		{2B1E7DBC-0AE6-4517-A5AC-BD813D51D05E}.Debug|Win32.ActiveCfg = Debug|Win32
		{2B1E7DBC-0AE6-4517-A5AC-BD813D51D05E}.Debug|Win32.Build.0 = Debug|Win32
		{2B1E7DBC-0AE6-4517-A5AC-BD813D51D05E}.Release|Win32.ActiveCfg = Release|Win32
		{2B1E7DBC-0AE6-4517-A5AC-BD813D51D05E}.Release|Win32.Build.0 = Release|Win32
		{55483344-5002-4AFF-BA36-755E71B3B427}.Debug|Win32.ActiveCfg = Debug|Win32
		{55483344-5002-4AFF-BA36-755E71B3B427}.Debug|Win32.Build.0 = Debug|Win32
		{55483344-5002-4AFF-BA36-755E71B3B427}.Release|Win32.ActiveCfg = Release|Win32
		{55483344-5002-4AFF-BA36-755E71B3B427}.Release|Win32.Build.0 = Release|Win32
		{5D5DE6E8-C7FB-4CCC-844D-7DA222C876C0}.Debug|Win32.ActiveCfg = Debug|Win32
		{5D5DE6E8-C7FB-4CCC-844D-7DA222C876C0}.Debug|Win32.Build.0 = Debug|Win32
		{5D5DE6E8-C7FB-4CCC-844D-7DA222C876C0}.Release|Win32.ActiveCfg = Release|Win32
		{5D5DE6E8-C7FB-4CCC-844D-7DA222C876C0}.Release|Win32.Build.0 = Release|Win32
		{E94BCBF2-7653-43FF-AF8D-7B9F639B68E7}.Debug|Win32.ActiveCfg = Debug|Win32
		{E94BCBF2-7653-43FF-AF8D-7B9F639B68E7}.Debug|Win32.Build.0 = Debug|Win32
		{E94BCBF2-7653-43FF-AF8D-7B9F639B68E7}.Release|Win32.ActiveCfg = Release|Win32
		{E94BCBF2-7653-43FF-AF8D-7B9F639B68E7}.Release|Win32.Build.0 = Release|Win32
		{329225AD-FEA9-4874-8AF8-837329A45E9F}.Debug|Win32.ActiveCfg = Debug|Win32
		{329225AD-FEA9-4874-8AF8-837329A45E9F}.Debug|Win32.Build.0 = Debug|Win32
		{329225AD-FEA9-4874-8AF8-837329A45E9F}.Release|Win32.ActiveCfg = Release|Win32
		{329225AD-FEA9-4874-8AF8-837329A45E9F}.Release|Win32.Build.0 = Release|Win32
		{7E26504C-3276-40DD-B360-7EBECA7DD71B}.Debug|Win32.ActiveCfg = Debug|Win32
		{7E26504C-3276-40DD-B360-7EBECA7DD71B}.Debug|Win32.Build.0 = Debug|Win32
		{7E26504C-3276-40DD-B360-7EBECA7DD71B}.Release|Win32.ActiveCfg = Release|Win32
		{7E26504C-3276-40DD-B360-7EBECA7DD71B}.Release|Win32.Build.0 = Release|Win32
		{5BD754EC-3B74-4504-A931-9BAC86EFCCB5}.Debug|Win32.ActiveCfg = Debug|Win32
		{5BD754EC-3B74-4504-A931-9BAC86EFCCB5}.Debug|Win32.Build.0 = Debug|Win32
		{5BD754EC-3B74-4504-A931-9BAC86EFCCB5}.Release|Win32.ActiveCfg = Release|Win32
		{5BD754EC-3B74-4504-A931-9BAC86EFCCB5}.Release|Win32.Build.0 = Release|Win32
		{DF4E5010-843A-438E-AAA9-47EA615B72A2}.Debug|Win32.ActiveCfg = Debug|Win32
		{DF4E5010-843A-438E-AAA9-47EA615B72A2}.Debug|Win32.Build.0 = Debug|Win32
		{DF4E5010-843A-438E-AAA9-47EA615B72A2}.Release|Win32.ActiveCfg = Release|Win32
		{DF4E5010-843A-438E-AAA9-47EA615B72A2}.Release|Win32.Build.0 = Release|Win32
		{91562C28-B68C-4F20-A059-6CDFCDE8CAC6}.Debug|Win32.ActiveCfg = Debug|Win32
		{91562C28-B68C-4F20-A059-6CDFCDE8CAC6}.Debug|Win32.Build.0 = Debug|Win32
		{91562C28-B68C-4F20-A059-6CDFCDE8CAC6}.Release|Win32.ActiveCfg = Release|Win32
		{91562C28-B68C-4F20-A059-6CDFCDE8CAC6}.Release|Win32.Build.0 = Release|Win32
		{4D8B432A-56C1-4F48-89A7-A3BC85FCF94D}.Debug|Win32.ActiveCfg = Debug|Win32
		{4D8B432A-56C1-4F48-89A7-A3BC85FCF94D}.Debug|Win32.Build.0 = Debug|Win32
		{4D8B432A-56C1-4F48-89A7-A3BC85FCF94D}.Release|Win32.ActiveCfg = Release|Win32
		{4D8B432A-56C1-4F48-89A7-A3BC85FCF94D}.Release|Win32.Build.0 = Release|Win32
		{75DD0ABF-4261-49E7-B513-AA7ED3622297}.Debug|Win32.ActiveCfg = Debug|Win32
		{75DD0ABF-4261-49E7-B513-AA7ED3622297}.Debug|Win32.Build.0 = Debug|Win32
		{75DD0ABF-4261-49E7-B513-AA7ED3622297}.Release|Win32.ActiveCfg = Release|Win32
		{75DD0ABF-4261-49E7-B513-AA7ED3622297}.Release|Win32.Build.0 = Release|Win32
		{1FE6A65E-0B96-4A8B-93DC-9FFD2EC443EB}.Debug|Win32.ActiveCfg = Debug|Win32
		{1FE6A65E-0B96-4A8B-93DC-9FFD2EC443EB}.Debug|Win32.Build.0 = Debug|Win32
		{1FE6A65E-0B96-4A8B-93DC-9FFD2EC443EB}.Release|Win32.ActiveCfg = Release|Win32
		{1FE6A65E-0B96-4A8B-93DC-9FFD2EC443EB}.Release|Win32.Build.0 = Release|Win32
		{0F2551C2-BB8E-4A49-8486-DFA225112982}.Debug|Win32.ActiveCfg = Debug|Win32
		{0F2551C2-BB8E-4A49-8486-DFA225112982}.Debug|Win32.Build.0 = Debug|Win32
		{0F2551C2-BB8E-4A49-8486-DFA225112982}.Release|Win32.ActiveCfg = Release|Win32
		{0F2551C2-BB8E-4A49-8486-DFA225112982}.Release|Win32.Build.0 = Release|Win32
		{6E73D6AF-C3F4-42DA-BF92-AC311F5BCC30}.Debug|Win32.ActiveCfg = Debug|Win32
		{6E73D6AF-C3F4-42DA-BF92-AC311F5BCC30}.Debug|Win32.Build.0 = Debug|Win32
		{6E73D6AF-C3F4-42DA-BF92-AC311F5BCC30}.Release|Win32.ActiveCfg = Release|Win32
		{6E73D6AF-C3F4-42DA-BF92-AC311F5BCC30}.Release|Win32.Build.0 = Release|Win32
		{C47A55AD-072B-4610-A238-A4EA3534D714}.Debug|Win32.ActiveCfg = Debug|Win32
		{C47A55AD-072B-4610-A238-A4EA3534D714}.Debug|Win32.Build.0 = Debug|Win32
		{C47A55AD-072B-4610-A238-A4EA3534D714}.Release|Win32.ActiveCfg = Release|Win32
		{C47A55AD-072B-4610-A238-A4EA3534D714}.Release|Win32.Build.0 = Release|Win32
		{16D33FE2-4382-47F8-9FD7-4849B3B5FA2D}.Debug|Win32.ActiveCfg = Debug|Win32
		{16D33FE2-4382-47F8-9FD7-4849B3B5FA2D}.Debug|Win32.Build.0 = Debug|Win32
		{16D33FE2-4382-47F8-9FD7-4849B3B5FA2D}.Release|Win32.ActiveCfg = Release|Win32
		{16D33FE2-4382-47F8-9FD7-4849B3B5FA2D}.Release|Win32.Build.0 = Release|Win32
		{3BC76F07-F954-451C-AD71-0C32A6CF0449}.Debug|Win32.ActiveCfg = Debug|Win32
		{3BC76F07-F954-451C-AD71-0C32A6CF0449}.Debug|Win32.Build.0 = Debug|Win32
		{3BC76F07-F954-451C-AD71-0C32A6CF0449}.Release|Win32.ActiveCfg = Release|Win32
		{3BC76F07-F954-451C-AD71-0C32A6CF0449}.Release|Win32.Build.0 = Release|Win32
		{ADADC03D-1E58-4257-B00C-CFD4166E31C9}.Debug|Win32.ActiveCfg = Debug|Win32
		{ADADC03D-1E58-4257-B00C-CFD4166E31C9}.Debug|Win32.Build.0 = Debug|Win32
		{ADADC03D-1E58-4257-B00C-CFD4166E31C9}.Release|Win32.ActiveCfg = Release|Win32
		{ADADC03D-1E58-4257-B00C-CFD4166E31C9}.Release|Win32.Build.0 = Release|Win32
	EndGlobalSection
	GlobalSection(SolutionProperties) = preSolution
		HideSolutionNode = FALSE
	EndGlobalSection
EndGlobal
