
Microsoft Visual Studio Solution File, Format Version 12.00
# Visual Studio 14
VisualStudioVersion = 14.0.22310.1
MinimumVisualStudioVersion = 10.0.40219.1
Project("{2150E333-8FDC-42A3-9474-1A3956D46DE8}") = "容器", "容器", "{9108B8C9-B5A5-483F-A80E-B9CBE9C683CD}"
EndProject
Project("{2150E333-8FDC-42A3-9474-1A3956D46DE8}") = "算法", "算法", "{A5C09148-A6DC-41DA-B066-30C19201F0CB}"
EndProject
Project("{8BC9CEB8-8B4A-11D0-8D11-00A0C91BC942}") = "deque", "deque\deque.vcxproj", "{64A12073-DB9C-47A1-95A5-C6D87769DACE}"
EndProject
Project("{8BC9CEB8-8B4A-11D0-8D11-00A0C91BC942}") = "list", "list\list.vcxproj", "{28F1E4D5-F575-41C8-8528-7303F36A3787}"
EndProject
Project("{8BC9CEB8-8B4A-11D0-8D11-00A0C91BC942}") = "map", "map\map.vcxproj", "{62A3541C-DF45-4131-A871-2295F0F8B4AF}"
EndProject
Project("{8BC9CEB8-8B4A-11D0-8D11-00A0C91BC942}") = "multimap", "multimap\multimap.vcxproj", "{F0E600B3-8DD8-4AC0-AA96-F5D136BBDF87}"
EndProject
Project("{8BC9CEB8-8B4A-11D0-8D11-00A0C91BC942}") = "multiset", "multiset\multiset.vcxproj", "{B899CE28-4923-4467-8925-388DE2068623}"
EndProject
Project("{8BC9CEB8-8B4A-11D0-8D11-00A0C91BC942}") = "pair", "pair\pair.vcxproj", "{2C85A0F4-E3B4-4E4E-9DB3-5F5AB315F5F0}"
EndProject
Project("{8BC9CEB8-8B4A-11D0-8D11-00A0C91BC942}") = "set", "set\set.vcxproj", "{66643ABD-980F-4A9E-BABC-71FAE48136B3}"
EndProject
Project("{8BC9CEB8-8B4A-11D0-8D11-00A0C91BC942}") = "set1", "set1\set1.vcxproj", "{71166223-F873-4D47-91E4-FD820AFC50D6}"
EndProject
Project("{8BC9CEB8-8B4A-11D0-8D11-00A0C91BC942}") = "stack", "stack\stack.vcxproj", "{BADE30C0-C0BA-4A3E-87A3-B4A5B4BFF256}"
EndProject
Project("{8BC9CEB8-8B4A-11D0-8D11-00A0C91BC942}") = "vector", "vector\vector.vcxproj", "{FF02905E-2B2C-4CC5-B966-B98DD964D66E}"
EndProject
Project("{8BC9CEB8-8B4A-11D0-8D11-00A0C91BC942}") = "标准容器", "标准容器\标准容器.vcxproj", "{1EB88948-5DB5-4FB0-8F18-665D56DB9578}"
EndProject
Project("{8BC9CEB8-8B4A-11D0-8D11-00A0C91BC942}") = "关联式容器", "关联式容器\关联式容器.vcxproj", "{995E91F6-1327-4558-8740-642FB2B765D3}"
EndProject
Project("{8BC9CEB8-8B4A-11D0-8D11-00A0C91BC942}") = "特殊容器", "特殊容器\特殊容器.vcxproj", "{F1B889C9-EF45-48AD-A60F-84FAF2E4040C}"
EndProject
Project("{8BC9CEB8-8B4A-11D0-8D11-00A0C91BC942}") = "序列式容器", "序列式容器\序列式容器.vcxproj", "{56A6A70D-75F0-4A2A-A4F2-BAA0E9D9571F}"
EndProject
Project("{8BC9CEB8-8B4A-11D0-8D11-00A0C91BC942}") = "adjacent_find", "adjacent_find\adjacent_find.vcxproj", "{B0967FA2-4B72-4682-8FF5-FF0707642452}"
EndProject
Project("{8BC9CEB8-8B4A-11D0-8D11-00A0C91BC942}") = "binary_search", "binary_search\binary_search.vcxproj", "{8E494874-2C38-46C7-A3DA-2D93C92049F8}"
EndProject
Project("{8BC9CEB8-8B4A-11D0-8D11-00A0C91BC942}") = "copy", "copy\copy.vcxproj", "{E8E9BF6A-DB9E-4418-84B7-80FB69E5DB55}"
EndProject
Project("{8BC9CEB8-8B4A-11D0-8D11-00A0C91BC942}") = "copy2", "copy2\copy2.vcxproj", "{06AF7216-3FD2-4647-AB56-D6F709D83B96}"
EndProject
Project("{8BC9CEB8-8B4A-11D0-8D11-00A0C91BC942}") = "equal", "equal\equal.vcxproj", "{7FE54CB4-885C-4EFA-B94F-03ADC38443C7}"
EndProject
Project("{8BC9CEB8-8B4A-11D0-8D11-00A0C91BC942}") = "find_count", "find_count\find_count.vcxproj", "{FE8BED9F-A930-4C03-B4CA-7CED199876DB}"
EndProject
Project("{8BC9CEB8-8B4A-11D0-8D11-00A0C91BC942}") = "for_each", "for_each\for_each.vcxproj", "{4EB34DE2-B664-4792-92B9-0144E9D25369}"
EndProject
Project("{8BC9CEB8-8B4A-11D0-8D11-00A0C91BC942}") = "regex", "regex\regex.vcxproj", "{896CB9E5-4396-44CD-9230-8D331CE22EF7}"
EndProject
Project("{8BC9CEB8-8B4A-11D0-8D11-00A0C91BC942}") = "remove_erase", "remove_erase\remove_erase.vcxproj", "{A789F2FC-B60C-4653-BEBB-C23E58E98F37}"
EndProject
Project("{8BC9CEB8-8B4A-11D0-8D11-00A0C91BC942}") = "sort", "sort\sort.vcxproj", "{99304BDE-0692-4C2E-978B-28043F96E643}"
EndProject
Project("{8BC9CEB8-8B4A-11D0-8D11-00A0C91BC942}") = "常用算法", "常用算法\常用算法.vcxproj", "{B2299900-4ADF-4513-89F7-013287A9DDB4}"
EndProject
Project("{8BC9CEB8-8B4A-11D0-8D11-00A0C91BC942}") = "迭代器分类", "迭代器分类\迭代器分类.vcxproj", "{32C9F2A9-1907-4D68-888E-AB14FC3404FE}"
EndProject
Project("{8BC9CEB8-8B4A-11D0-8D11-00A0C91BC942}") = "贴吧的std与sort问题", "贴吧的std与sort问题\贴吧的std与sort问题.vcxproj", "{598BFFBF-6DF4-4280-B22B-5A9BF28A6288}"
EndProject
Global
	GlobalSection(SolutionConfigurationPlatforms) = preSolution
		Debug|Win32 = Debug|Win32
		Release|Win32 = Release|Win32
	EndGlobalSection
	GlobalSection(ProjectConfigurationPlatforms) = postSolution
		{64A12073-DB9C-47A1-95A5-C6D87769DACE}.Debug|Win32.ActiveCfg = Debug|Win32
		{64A12073-DB9C-47A1-95A5-C6D87769DACE}.Debug|Win32.Build.0 = Debug|Win32
		{64A12073-DB9C-47A1-95A5-C6D87769DACE}.Release|Win32.ActiveCfg = Release|Win32
		{64A12073-DB9C-47A1-95A5-C6D87769DACE}.Release|Win32.Build.0 = Release|Win32
		{28F1E4D5-F575-41C8-8528-7303F36A3787}.Debug|Win32.ActiveCfg = Debug|Win32
		{28F1E4D5-F575-41C8-8528-7303F36A3787}.Debug|Win32.Build.0 = Debug|Win32
		{28F1E4D5-F575-41C8-8528-7303F36A3787}.Release|Win32.ActiveCfg = Release|Win32
		{28F1E4D5-F575-41C8-8528-7303F36A3787}.Release|Win32.Build.0 = Release|Win32
		{62A3541C-DF45-4131-A871-2295F0F8B4AF}.Debug|Win32.ActiveCfg = Debug|Win32
		{62A3541C-DF45-4131-A871-2295F0F8B4AF}.Debug|Win32.Build.0 = Debug|Win32
		{62A3541C-DF45-4131-A871-2295F0F8B4AF}.Release|Win32.ActiveCfg = Release|Win32
		{62A3541C-DF45-4131-A871-2295F0F8B4AF}.Release|Win32.Build.0 = Release|Win32
		{F0E600B3-8DD8-4AC0-AA96-F5D136BBDF87}.Debug|Win32.ActiveCfg = Debug|Win32
		{F0E600B3-8DD8-4AC0-AA96-F5D136BBDF87}.Debug|Win32.Build.0 = Debug|Win32
		{F0E600B3-8DD8-4AC0-AA96-F5D136BBDF87}.Release|Win32.ActiveCfg = Release|Win32
		{F0E600B3-8DD8-4AC0-AA96-F5D136BBDF87}.Release|Win32.Build.0 = Release|Win32
		{B899CE28-4923-4467-8925-388DE2068623}.Debug|Win32.ActiveCfg = Debug|Win32
		{B899CE28-4923-4467-8925-388DE2068623}.Debug|Win32.Build.0 = Debug|Win32
		{B899CE28-4923-4467-8925-388DE2068623}.Release|Win32.ActiveCfg = Release|Win32
		{B899CE28-4923-4467-8925-388DE2068623}.Release|Win32.Build.0 = Release|Win32
		{2C85A0F4-E3B4-4E4E-9DB3-5F5AB315F5F0}.Debug|Win32.ActiveCfg = Debug|Win32
		{2C85A0F4-E3B4-4E4E-9DB3-5F5AB315F5F0}.Debug|Win32.Build.0 = Debug|Win32
		{2C85A0F4-E3B4-4E4E-9DB3-5F5AB315F5F0}.Release|Win32.ActiveCfg = Release|Win32
		{2C85A0F4-E3B4-4E4E-9DB3-5F5AB315F5F0}.Release|Win32.Build.0 = Release|Win32
		{66643ABD-980F-4A9E-BABC-71FAE48136B3}.Debug|Win32.ActiveCfg = Debug|Win32
		{66643ABD-980F-4A9E-BABC-71FAE48136B3}.Debug|Win32.Build.0 = Debug|Win32
		{66643ABD-980F-4A9E-BABC-71FAE48136B3}.Release|Win32.ActiveCfg = Release|Win32
		{66643ABD-980F-4A9E-BABC-71FAE48136B3}.Release|Win32.Build.0 = Release|Win32
		{71166223-F873-4D47-91E4-FD820AFC50D6}.Debug|Win32.ActiveCfg = Debug|Win32
		{71166223-F873-4D47-91E4-FD820AFC50D6}.Debug|Win32.Build.0 = Debug|Win32
		{71166223-F873-4D47-91E4-FD820AFC50D6}.Release|Win32.ActiveCfg = Release|Win32
		{71166223-F873-4D47-91E4-FD820AFC50D6}.Release|Win32.Build.0 = Release|Win32
		{BADE30C0-C0BA-4A3E-87A3-B4A5B4BFF256}.Debug|Win32.ActiveCfg = Debug|Win32
		{BADE30C0-C0BA-4A3E-87A3-B4A5B4BFF256}.Debug|Win32.Build.0 = Debug|Win32
		{BADE30C0-C0BA-4A3E-87A3-B4A5B4BFF256}.Release|Win32.ActiveCfg = Release|Win32
		{BADE30C0-C0BA-4A3E-87A3-B4A5B4BFF256}.Release|Win32.Build.0 = Release|Win32
		{FF02905E-2B2C-4CC5-B966-B98DD964D66E}.Debug|Win32.ActiveCfg = Debug|Win32
		{FF02905E-2B2C-4CC5-B966-B98DD964D66E}.Debug|Win32.Build.0 = Debug|Win32
		{FF02905E-2B2C-4CC5-B966-B98DD964D66E}.Release|Win32.ActiveCfg = Release|Win32
		{FF02905E-2B2C-4CC5-B966-B98DD964D66E}.Release|Win32.Build.0 = Release|Win32
		{1EB88948-5DB5-4FB0-8F18-665D56DB9578}.Debug|Win32.ActiveCfg = Debug|Win32
		{1EB88948-5DB5-4FB0-8F18-665D56DB9578}.Debug|Win32.Build.0 = Debug|Win32
		{1EB88948-5DB5-4FB0-8F18-665D56DB9578}.Release|Win32.ActiveCfg = Release|Win32
		{1EB88948-5DB5-4FB0-8F18-665D56DB9578}.Release|Win32.Build.0 = Release|Win32
		{995E91F6-1327-4558-8740-642FB2B765D3}.Debug|Win32.ActiveCfg = Debug|Win32
		{995E91F6-1327-4558-8740-642FB2B765D3}.Debug|Win32.Build.0 = Debug|Win32
		{995E91F6-1327-4558-8740-642FB2B765D3}.Release|Win32.ActiveCfg = Release|Win32
		{995E91F6-1327-4558-8740-642FB2B765D3}.Release|Win32.Build.0 = Release|Win32
		{F1B889C9-EF45-48AD-A60F-84FAF2E4040C}.Debug|Win32.ActiveCfg = Debug|Win32
		{F1B889C9-EF45-48AD-A60F-84FAF2E4040C}.Debug|Win32.Build.0 = Debug|Win32
		{F1B889C9-EF45-48AD-A60F-84FAF2E4040C}.Release|Win32.ActiveCfg = Release|Win32
		{F1B889C9-EF45-48AD-A60F-84FAF2E4040C}.Release|Win32.Build.0 = Release|Win32
		{56A6A70D-75F0-4A2A-A4F2-BAA0E9D9571F}.Debug|Win32.ActiveCfg = Debug|Win32
		{56A6A70D-75F0-4A2A-A4F2-BAA0E9D9571F}.Debug|Win32.Build.0 = Debug|Win32
		{56A6A70D-75F0-4A2A-A4F2-BAA0E9D9571F}.Release|Win32.ActiveCfg = Release|Win32
		{56A6A70D-75F0-4A2A-A4F2-BAA0E9D9571F}.Release|Win32.Build.0 = Release|Win32
		{B0967FA2-4B72-4682-8FF5-FF0707642452}.Debug|Win32.ActiveCfg = Debug|Win32
		{B0967FA2-4B72-4682-8FF5-FF0707642452}.Debug|Win32.Build.0 = Debug|Win32
		{B0967FA2-4B72-4682-8FF5-FF0707642452}.Release|Win32.ActiveCfg = Release|Win32
		{B0967FA2-4B72-4682-8FF5-FF0707642452}.Release|Win32.Build.0 = Release|Win32
		{8E494874-2C38-46C7-A3DA-2D93C92049F8}.Debug|Win32.ActiveCfg = Debug|Win32
		{8E494874-2C38-46C7-A3DA-2D93C92049F8}.Debug|Win32.Build.0 = Debug|Win32
		{8E494874-2C38-46C7-A3DA-2D93C92049F8}.Release|Win32.ActiveCfg = Release|Win32
		{8E494874-2C38-46C7-A3DA-2D93C92049F8}.Release|Win32.Build.0 = Release|Win32
		{E8E9BF6A-DB9E-4418-84B7-80FB69E5DB55}.Debug|Win32.ActiveCfg = Debug|Win32
		{E8E9BF6A-DB9E-4418-84B7-80FB69E5DB55}.Debug|Win32.Build.0 = Debug|Win32
		{E8E9BF6A-DB9E-4418-84B7-80FB69E5DB55}.Release|Win32.ActiveCfg = Release|Win32
		{E8E9BF6A-DB9E-4418-84B7-80FB69E5DB55}.Release|Win32.Build.0 = Release|Win32
		{06AF7216-3FD2-4647-AB56-D6F709D83B96}.Debug|Win32.ActiveCfg = Debug|Win32
		{06AF7216-3FD2-4647-AB56-D6F709D83B96}.Debug|Win32.Build.0 = Debug|Win32
		{06AF7216-3FD2-4647-AB56-D6F709D83B96}.Release|Win32.ActiveCfg = Release|Win32
		{06AF7216-3FD2-4647-AB56-D6F709D83B96}.Release|Win32.Build.0 = Release|Win32
		{7FE54CB4-885C-4EFA-B94F-03ADC38443C7}.Debug|Win32.ActiveCfg = Debug|Win32
		{7FE54CB4-885C-4EFA-B94F-03ADC38443C7}.Debug|Win32.Build.0 = Debug|Win32
		{7FE54CB4-885C-4EFA-B94F-03ADC38443C7}.Release|Win32.ActiveCfg = Release|Win32
		{7FE54CB4-885C-4EFA-B94F-03ADC38443C7}.Release|Win32.Build.0 = Release|Win32
		{FE8BED9F-A930-4C03-B4CA-7CED199876DB}.Debug|Win32.ActiveCfg = Debug|Win32
		{FE8BED9F-A930-4C03-B4CA-7CED199876DB}.Debug|Win32.Build.0 = Debug|Win32
		{FE8BED9F-A930-4C03-B4CA-7CED199876DB}.Release|Win32.ActiveCfg = Release|Win32
		{FE8BED9F-A930-4C03-B4CA-7CED199876DB}.Release|Win32.Build.0 = Release|Win32
		{4EB34DE2-B664-4792-92B9-0144E9D25369}.Debug|Win32.ActiveCfg = Debug|Win32
		{4EB34DE2-B664-4792-92B9-0144E9D25369}.Debug|Win32.Build.0 = Debug|Win32
		{4EB34DE2-B664-4792-92B9-0144E9D25369}.Release|Win32.ActiveCfg = Release|Win32
		{4EB34DE2-B664-4792-92B9-0144E9D25369}.Release|Win32.Build.0 = Release|Win32
		{896CB9E5-4396-44CD-9230-8D331CE22EF7}.Debug|Win32.ActiveCfg = Debug|Win32
		{896CB9E5-4396-44CD-9230-8D331CE22EF7}.Debug|Win32.Build.0 = Debug|Win32
		{896CB9E5-4396-44CD-9230-8D331CE22EF7}.Release|Win32.ActiveCfg = Release|Win32
		{896CB9E5-4396-44CD-9230-8D331CE22EF7}.Release|Win32.Build.0 = Release|Win32
		{A789F2FC-B60C-4653-BEBB-C23E58E98F37}.Debug|Win32.ActiveCfg = Debug|Win32
		{A789F2FC-B60C-4653-BEBB-C23E58E98F37}.Debug|Win32.Build.0 = Debug|Win32
		{A789F2FC-B60C-4653-BEBB-C23E58E98F37}.Release|Win32.ActiveCfg = Release|Win32
		{A789F2FC-B60C-4653-BEBB-C23E58E98F37}.Release|Win32.Build.0 = Release|Win32
		{99304BDE-0692-4C2E-978B-28043F96E643}.Debug|Win32.ActiveCfg = Debug|Win32
		{99304BDE-0692-4C2E-978B-28043F96E643}.Debug|Win32.Build.0 = Debug|Win32
		{99304BDE-0692-4C2E-978B-28043F96E643}.Release|Win32.ActiveCfg = Release|Win32
		{99304BDE-0692-4C2E-978B-28043F96E643}.Release|Win32.Build.0 = Release|Win32
		{B2299900-4ADF-4513-89F7-013287A9DDB4}.Debug|Win32.ActiveCfg = Debug|Win32
		{B2299900-4ADF-4513-89F7-013287A9DDB4}.Debug|Win32.Build.0 = Debug|Win32
		{B2299900-4ADF-4513-89F7-013287A9DDB4}.Release|Win32.ActiveCfg = Release|Win32
		{B2299900-4ADF-4513-89F7-013287A9DDB4}.Release|Win32.Build.0 = Release|Win32
		{32C9F2A9-1907-4D68-888E-AB14FC3404FE}.Debug|Win32.ActiveCfg = Debug|Win32
		{32C9F2A9-1907-4D68-888E-AB14FC3404FE}.Debug|Win32.Build.0 = Debug|Win32
		{32C9F2A9-1907-4D68-888E-AB14FC3404FE}.Release|Win32.ActiveCfg = Release|Win32
		{32C9F2A9-1907-4D68-888E-AB14FC3404FE}.Release|Win32.Build.0 = Release|Win32
		{598BFFBF-6DF4-4280-B22B-5A9BF28A6288}.Debug|Win32.ActiveCfg = Debug|Win32
		{598BFFBF-6DF4-4280-B22B-5A9BF28A6288}.Debug|Win32.Build.0 = Debug|Win32
		{598BFFBF-6DF4-4280-B22B-5A9BF28A6288}.Release|Win32.ActiveCfg = Release|Win32
		{598BFFBF-6DF4-4280-B22B-5A9BF28A6288}.Release|Win32.Build.0 = Release|Win32
	EndGlobalSection
	GlobalSection(SolutionProperties) = preSolution
		HideSolutionNode = FALSE
	EndGlobalSection
	GlobalSection(NestedProjects) = preSolution
		{64A12073-DB9C-47A1-95A5-C6D87769DACE} = {9108B8C9-B5A5-483F-A80E-B9CBE9C683CD}
		{28F1E4D5-F575-41C8-8528-7303F36A3787} = {9108B8C9-B5A5-483F-A80E-B9CBE9C683CD}
		{62A3541C-DF45-4131-A871-2295F0F8B4AF} = {9108B8C9-B5A5-483F-A80E-B9CBE9C683CD}
		{F0E600B3-8DD8-4AC0-AA96-F5D136BBDF87} = {9108B8C9-B5A5-483F-A80E-B9CBE9C683CD}
		{B899CE28-4923-4467-8925-388DE2068623} = {9108B8C9-B5A5-483F-A80E-B9CBE9C683CD}
		{2C85A0F4-E3B4-4E4E-9DB3-5F5AB315F5F0} = {9108B8C9-B5A5-483F-A80E-B9CBE9C683CD}
		{66643ABD-980F-4A9E-BABC-71FAE48136B3} = {9108B8C9-B5A5-483F-A80E-B9CBE9C683CD}
		{71166223-F873-4D47-91E4-FD820AFC50D6} = {9108B8C9-B5A5-483F-A80E-B9CBE9C683CD}
		{BADE30C0-C0BA-4A3E-87A3-B4A5B4BFF256} = {9108B8C9-B5A5-483F-A80E-B9CBE9C683CD}
		{FF02905E-2B2C-4CC5-B966-B98DD964D66E} = {9108B8C9-B5A5-483F-A80E-B9CBE9C683CD}
		{1EB88948-5DB5-4FB0-8F18-665D56DB9578} = {9108B8C9-B5A5-483F-A80E-B9CBE9C683CD}
		{995E91F6-1327-4558-8740-642FB2B765D3} = {9108B8C9-B5A5-483F-A80E-B9CBE9C683CD}
		{F1B889C9-EF45-48AD-A60F-84FAF2E4040C} = {9108B8C9-B5A5-483F-A80E-B9CBE9C683CD}
		{56A6A70D-75F0-4A2A-A4F2-BAA0E9D9571F} = {9108B8C9-B5A5-483F-A80E-B9CBE9C683CD}
		{B0967FA2-4B72-4682-8FF5-FF0707642452} = {A5C09148-A6DC-41DA-B066-30C19201F0CB}
		{8E494874-2C38-46C7-A3DA-2D93C92049F8} = {A5C09148-A6DC-41DA-B066-30C19201F0CB}
		{E8E9BF6A-DB9E-4418-84B7-80FB69E5DB55} = {A5C09148-A6DC-41DA-B066-30C19201F0CB}
		{06AF7216-3FD2-4647-AB56-D6F709D83B96} = {A5C09148-A6DC-41DA-B066-30C19201F0CB}
		{7FE54CB4-885C-4EFA-B94F-03ADC38443C7} = {A5C09148-A6DC-41DA-B066-30C19201F0CB}
		{FE8BED9F-A930-4C03-B4CA-7CED199876DB} = {A5C09148-A6DC-41DA-B066-30C19201F0CB}
		{4EB34DE2-B664-4792-92B9-0144E9D25369} = {A5C09148-A6DC-41DA-B066-30C19201F0CB}
		{896CB9E5-4396-44CD-9230-8D331CE22EF7} = {A5C09148-A6DC-41DA-B066-30C19201F0CB}
		{A789F2FC-B60C-4653-BEBB-C23E58E98F37} = {A5C09148-A6DC-41DA-B066-30C19201F0CB}
		{99304BDE-0692-4C2E-978B-28043F96E643} = {A5C09148-A6DC-41DA-B066-30C19201F0CB}
		{B2299900-4ADF-4513-89F7-013287A9DDB4} = {A5C09148-A6DC-41DA-B066-30C19201F0CB}
		{32C9F2A9-1907-4D68-888E-AB14FC3404FE} = {A5C09148-A6DC-41DA-B066-30C19201F0CB}
		{598BFFBF-6DF4-4280-B22B-5A9BF28A6288} = {A5C09148-A6DC-41DA-B066-30C19201F0CB}
	EndGlobalSection
EndGlobal
