
Microsoft Visual Studio Solution File, Format Version 12.00
# Visual Studio 14
VisualStudioVersion = 14.0.22310.1
MinimumVisualStudioVersion = 10.0.40219.1
Project("{FAE04EC0-301F-11D3-BF4B-00C04F79EFBC}") = "ArrayList测试", "ArrayList测试\ArrayList测试.csproj", "{E6ED5EA4-F1CC-45E3-A031-7603DA64D3FE}"
EndProject
Project("{FAE04EC0-301F-11D3-BF4B-00C04F79EFBC}") = "Cast", "Cast\Cast.csproj", "{A0C7B68C-A2FF-4A2E-BA90-139650ADCE61}"
EndProject
Project("{FAE04EC0-301F-11D3-BF4B-00C04F79EFBC}") = "CSharp时间相关", "CSharp时间相关\CSharp时间相关.csproj", "{93599E33-A06F-4A05-BEA9-191A923B5116}"
EndProject
Project("{FAE04EC0-301F-11D3-BF4B-00C04F79EFBC}") = "Dictionary测试", "Dictionary测试\Dictionary测试.csproj", "{6B1144D8-537E-4303-BF64-B6BE9954CB8C}"
EndProject
Project("{FAE04EC0-301F-11D3-BF4B-00C04F79EFBC}") = "Guid算法", "Guid算法\Guid算法.csproj", "{B6F98697-A520-45A1-ACBA-E523E22E6331}"
EndProject
Project("{FAE04EC0-301F-11D3-BF4B-00C04F79EFBC}") = "HashSetTest", "HashSetTest\HashSetTest.csproj", "{04E39291-A268-4B32-9F29-A8E1960D4F80}"
EndProject
Project("{FAE04EC0-301F-11D3-BF4B-00C04F79EFBC}") = "OpenCV库文件名", "OpenCV库文件名\OpenCV库文件名.csproj", "{2FFD52EC-1029-478A-90C2-DB5F87ED693D}"
EndProject
Project("{FAE04EC0-301F-11D3-BF4B-00C04F79EFBC}") = "refout", "refout\refout.csproj", "{9983CF1B-39B4-42C2-9027-D5C54EE03892}"
EndProject
Project("{FAE04EC0-301F-11D3-BF4B-00C04F79EFBC}") = "SwitchCase", "SwitchCase\SwitchCase.csproj", "{AFF4FD6D-04AE-4ACC-9802-25FBD1DB738A}"
EndProject
Project("{FAE04EC0-301F-11D3-BF4B-00C04F79EFBC}") = "对象的引用", "对象的引用\对象的引用.csproj", "{4C4A1A85-10F1-43E5-937F-8D580768A8E7}"
EndProject
Project("{FAE04EC0-301F-11D3-BF4B-00C04F79EFBC}") = "方法重写", "方法重写\方法重写.csproj", "{1C661E26-2479-4BA9-A15E-83C2186F5CEC}"
EndProject
Project("{FAE04EC0-301F-11D3-BF4B-00C04F79EFBC}") = "构造函数", "构造函数\构造函数.csproj", "{8A2866EE-D9B0-4C08-A75C-D52ECB81D87D}"
EndProject
Project("{FAE04EC0-301F-11D3-BF4B-00C04F79EFBC}") = "函数", "函数\函数.csproj", "{70C85E67-2132-41CF-BF57-0027B750B2D1}"
EndProject
Project("{FAE04EC0-301F-11D3-BF4B-00C04F79EFBC}") = "获取程序所处路径", "获取程序所处路径\获取程序所处路径.csproj", "{5C509F10-33F6-4610-9583-B0A270D5725A}"
EndProject
Project("{FAE04EC0-301F-11D3-BF4B-00C04F79EFBC}") = "接口", "接口\接口.csproj", "{ED57C3BA-84B5-413D-B94D-F95DBA7E1299}"
EndProject
Project("{FAE04EC0-301F-11D3-BF4B-00C04F79EFBC}") = "静态类", "静态类\静态类.csproj", "{C6997209-0725-4C08-9034-4518538FAF29}"
EndProject
Project("{FAE04EC0-301F-11D3-BF4B-00C04F79EFBC}") = "枚举", "枚举\枚举.csproj", "{73FF76BF-3426-4629-AA2C-B46097F68729}"
EndProject
Project("{FAE04EC0-301F-11D3-BF4B-00C04F79EFBC}") = "密闭类", "密闭类\密闭类.csproj", "{E866553F-263E-4686-97B5-FC0A0E924513}"
EndProject
Project("{FAE04EC0-301F-11D3-BF4B-00C04F79EFBC}") = "内部类", "内部类\内部类.csproj", "{64693014-1C3D-4C0D-9D58-C68FC429EBFE}"
EndProject
Project("{FAE04EC0-301F-11D3-BF4B-00C04F79EFBC}") = "属性", "属性\属性.csproj", "{64BFB099-A585-4D1C-B9D2-71375F93F437}"
EndProject
Project("{FAE04EC0-301F-11D3-BF4B-00C04F79EFBC}") = "数组", "数组\数组.csproj", "{6B900CB5-38EB-4DCF-8716-3BA97C909A2D}"
EndProject
Project("{FAE04EC0-301F-11D3-BF4B-00C04F79EFBC}") = "调用Win32API", "调用Win32API\调用Win32API.csproj", "{87DF4298-FC94-45C7-A8DA-932D9F0D6497}"
EndProject
Project("{FAE04EC0-301F-11D3-BF4B-00C04F79EFBC}") = "转换为汉字日期", "转换为汉字日期\转换为汉字日期.csproj", "{9AE90C7A-1939-4B47-9792-23CFD1E1C694}"
EndProject
Project("{FAE04EC0-301F-11D3-BF4B-00C04F79EFBC}") = "字符串", "字符串\字符串.csproj", "{CB08CFC7-A01E-4C7D-B32D-E2C057FF1440}"
EndProject
Global
	GlobalSection(SolutionConfigurationPlatforms) = preSolution
		Debug|Any CPU = Debug|Any CPU
		Release|Any CPU = Release|Any CPU
	EndGlobalSection
	GlobalSection(ProjectConfigurationPlatforms) = postSolution
		{E6ED5EA4-F1CC-45E3-A031-7603DA64D3FE}.Debug|Any CPU.ActiveCfg = Debug|Any CPU
		{E6ED5EA4-F1CC-45E3-A031-7603DA64D3FE}.Debug|Any CPU.Build.0 = Debug|Any CPU
		{E6ED5EA4-F1CC-45E3-A031-7603DA64D3FE}.Release|Any CPU.ActiveCfg = Release|Any CPU
		{E6ED5EA4-F1CC-45E3-A031-7603DA64D3FE}.Release|Any CPU.Build.0 = Release|Any CPU
		{A0C7B68C-A2FF-4A2E-BA90-139650ADCE61}.Debug|Any CPU.ActiveCfg = Debug|Any CPU
		{A0C7B68C-A2FF-4A2E-BA90-139650ADCE61}.Debug|Any CPU.Build.0 = Debug|Any CPU
		{A0C7B68C-A2FF-4A2E-BA90-139650ADCE61}.Release|Any CPU.ActiveCfg = Release|Any CPU
		{A0C7B68C-A2FF-4A2E-BA90-139650ADCE61}.Release|Any CPU.Build.0 = Release|Any CPU
		{93599E33-A06F-4A05-BEA9-191A923B5116}.Debug|Any CPU.ActiveCfg = Debug|Any CPU
		{93599E33-A06F-4A05-BEA9-191A923B5116}.Debug|Any CPU.Build.0 = Debug|Any CPU
		{93599E33-A06F-4A05-BEA9-191A923B5116}.Release|Any CPU.ActiveCfg = Release|Any CPU
		{93599E33-A06F-4A05-BEA9-191A923B5116}.Release|Any CPU.Build.0 = Release|Any CPU
		{6B1144D8-537E-4303-BF64-B6BE9954CB8C}.Debug|Any CPU.ActiveCfg = Debug|Any CPU
		{6B1144D8-537E-4303-BF64-B6BE9954CB8C}.Debug|Any CPU.Build.0 = Debug|Any CPU
		{6B1144D8-537E-4303-BF64-B6BE9954CB8C}.Release|Any CPU.ActiveCfg = Release|Any CPU
		{6B1144D8-537E-4303-BF64-B6BE9954CB8C}.Release|Any CPU.Build.0 = Release|Any CPU
		{B6F98697-A520-45A1-ACBA-E523E22E6331}.Debug|Any CPU.ActiveCfg = Debug|Any CPU
		{B6F98697-A520-45A1-ACBA-E523E22E6331}.Debug|Any CPU.Build.0 = Debug|Any CPU
		{B6F98697-A520-45A1-ACBA-E523E22E6331}.Release|Any CPU.ActiveCfg = Release|Any CPU
		{B6F98697-A520-45A1-ACBA-E523E22E6331}.Release|Any CPU.Build.0 = Release|Any CPU
		{04E39291-A268-4B32-9F29-A8E1960D4F80}.Debug|Any CPU.ActiveCfg = Debug|Any CPU
		{04E39291-A268-4B32-9F29-A8E1960D4F80}.Debug|Any CPU.Build.0 = Debug|Any CPU
		{04E39291-A268-4B32-9F29-A8E1960D4F80}.Release|Any CPU.ActiveCfg = Release|Any CPU
		{04E39291-A268-4B32-9F29-A8E1960D4F80}.Release|Any CPU.Build.0 = Release|Any CPU
		{2FFD52EC-1029-478A-90C2-DB5F87ED693D}.Debug|Any CPU.ActiveCfg = Debug|Any CPU
		{2FFD52EC-1029-478A-90C2-DB5F87ED693D}.Debug|Any CPU.Build.0 = Debug|Any CPU
		{2FFD52EC-1029-478A-90C2-DB5F87ED693D}.Release|Any CPU.ActiveCfg = Release|Any CPU
		{2FFD52EC-1029-478A-90C2-DB5F87ED693D}.Release|Any CPU.Build.0 = Release|Any CPU
		{9983CF1B-39B4-42C2-9027-D5C54EE03892}.Debug|Any CPU.ActiveCfg = Debug|Any CPU
		{9983CF1B-39B4-42C2-9027-D5C54EE03892}.Debug|Any CPU.Build.0 = Debug|Any CPU
		{9983CF1B-39B4-42C2-9027-D5C54EE03892}.Release|Any CPU.ActiveCfg = Release|Any CPU
		{9983CF1B-39B4-42C2-9027-D5C54EE03892}.Release|Any CPU.Build.0 = Release|Any CPU
		{AFF4FD6D-04AE-4ACC-9802-25FBD1DB738A}.Debug|Any CPU.ActiveCfg = Debug|Any CPU
		{AFF4FD6D-04AE-4ACC-9802-25FBD1DB738A}.Debug|Any CPU.Build.0 = Debug|Any CPU
		{AFF4FD6D-04AE-4ACC-9802-25FBD1DB738A}.Release|Any CPU.ActiveCfg = Release|Any CPU
		{AFF4FD6D-04AE-4ACC-9802-25FBD1DB738A}.Release|Any CPU.Build.0 = Release|Any CPU
		{4C4A1A85-10F1-43E5-937F-8D580768A8E7}.Debug|Any CPU.ActiveCfg = Debug|Any CPU
		{4C4A1A85-10F1-43E5-937F-8D580768A8E7}.Debug|Any CPU.Build.0 = Debug|Any CPU
		{4C4A1A85-10F1-43E5-937F-8D580768A8E7}.Release|Any CPU.ActiveCfg = Release|Any CPU
		{4C4A1A85-10F1-43E5-937F-8D580768A8E7}.Release|Any CPU.Build.0 = Release|Any CPU
		{1C661E26-2479-4BA9-A15E-83C2186F5CEC}.Debug|Any CPU.ActiveCfg = Debug|Any CPU
		{1C661E26-2479-4BA9-A15E-83C2186F5CEC}.Debug|Any CPU.Build.0 = Debug|Any CPU
		{1C661E26-2479-4BA9-A15E-83C2186F5CEC}.Release|Any CPU.ActiveCfg = Release|Any CPU
		{1C661E26-2479-4BA9-A15E-83C2186F5CEC}.Release|Any CPU.Build.0 = Release|Any CPU
		{8A2866EE-D9B0-4C08-A75C-D52ECB81D87D}.Debug|Any CPU.ActiveCfg = Debug|Any CPU
		{8A2866EE-D9B0-4C08-A75C-D52ECB81D87D}.Debug|Any CPU.Build.0 = Debug|Any CPU
		{8A2866EE-D9B0-4C08-A75C-D52ECB81D87D}.Release|Any CPU.ActiveCfg = Release|Any CPU
		{8A2866EE-D9B0-4C08-A75C-D52ECB81D87D}.Release|Any CPU.Build.0 = Release|Any CPU
		{70C85E67-2132-41CF-BF57-0027B750B2D1}.Debug|Any CPU.ActiveCfg = Debug|Any CPU
		{70C85E67-2132-41CF-BF57-0027B750B2D1}.Debug|Any CPU.Build.0 = Debug|Any CPU
		{70C85E67-2132-41CF-BF57-0027B750B2D1}.Release|Any CPU.ActiveCfg = Release|Any CPU
		{70C85E67-2132-41CF-BF57-0027B750B2D1}.Release|Any CPU.Build.0 = Release|Any CPU
		{5C509F10-33F6-4610-9583-B0A270D5725A}.Debug|Any CPU.ActiveCfg = Debug|Any CPU
		{5C509F10-33F6-4610-9583-B0A270D5725A}.Debug|Any CPU.Build.0 = Debug|Any CPU
		{5C509F10-33F6-4610-9583-B0A270D5725A}.Release|Any CPU.ActiveCfg = Release|Any CPU
		{5C509F10-33F6-4610-9583-B0A270D5725A}.Release|Any CPU.Build.0 = Release|Any CPU
		{ED57C3BA-84B5-413D-B94D-F95DBA7E1299}.Debug|Any CPU.ActiveCfg = Debug|Any CPU
		{ED57C3BA-84B5-413D-B94D-F95DBA7E1299}.Debug|Any CPU.Build.0 = Debug|Any CPU
		{ED57C3BA-84B5-413D-B94D-F95DBA7E1299}.Release|Any CPU.ActiveCfg = Release|Any CPU
		{ED57C3BA-84B5-413D-B94D-F95DBA7E1299}.Release|Any CPU.Build.0 = Release|Any CPU
		{C6997209-0725-4C08-9034-4518538FAF29}.Debug|Any CPU.ActiveCfg = Debug|Any CPU
		{C6997209-0725-4C08-9034-4518538FAF29}.Debug|Any CPU.Build.0 = Debug|Any CPU
		{C6997209-0725-4C08-9034-4518538FAF29}.Release|Any CPU.ActiveCfg = Release|Any CPU
		{C6997209-0725-4C08-9034-4518538FAF29}.Release|Any CPU.Build.0 = Release|Any CPU
		{73FF76BF-3426-4629-AA2C-B46097F68729}.Debug|Any CPU.ActiveCfg = Debug|Any CPU
		{73FF76BF-3426-4629-AA2C-B46097F68729}.Debug|Any CPU.Build.0 = Debug|Any CPU
		{73FF76BF-3426-4629-AA2C-B46097F68729}.Release|Any CPU.ActiveCfg = Release|Any CPU
		{73FF76BF-3426-4629-AA2C-B46097F68729}.Release|Any CPU.Build.0 = Release|Any CPU
		{E866553F-263E-4686-97B5-FC0A0E924513}.Debug|Any CPU.ActiveCfg = Debug|Any CPU
		{E866553F-263E-4686-97B5-FC0A0E924513}.Debug|Any CPU.Build.0 = Debug|Any CPU
		{E866553F-263E-4686-97B5-FC0A0E924513}.Release|Any CPU.ActiveCfg = Release|Any CPU
		{E866553F-263E-4686-97B5-FC0A0E924513}.Release|Any CPU.Build.0 = Release|Any CPU
		{64693014-1C3D-4C0D-9D58-C68FC429EBFE}.Debug|Any CPU.ActiveCfg = Debug|Any CPU
		{64693014-1C3D-4C0D-9D58-C68FC429EBFE}.Debug|Any CPU.Build.0 = Debug|Any CPU
		{64693014-1C3D-4C0D-9D58-C68FC429EBFE}.Release|Any CPU.ActiveCfg = Release|Any CPU
		{64693014-1C3D-4C0D-9D58-C68FC429EBFE}.Release|Any CPU.Build.0 = Release|Any CPU
		{64BFB099-A585-4D1C-B9D2-71375F93F437}.Debug|Any CPU.ActiveCfg = Debug|Any CPU
		{64BFB099-A585-4D1C-B9D2-71375F93F437}.Debug|Any CPU.Build.0 = Debug|Any CPU
		{64BFB099-A585-4D1C-B9D2-71375F93F437}.Release|Any CPU.ActiveCfg = Release|Any CPU
		{64BFB099-A585-4D1C-B9D2-71375F93F437}.Release|Any CPU.Build.0 = Release|Any CPU
		{6B900CB5-38EB-4DCF-8716-3BA97C909A2D}.Debug|Any CPU.ActiveCfg = Debug|Any CPU
		{6B900CB5-38EB-4DCF-8716-3BA97C909A2D}.Debug|Any CPU.Build.0 = Debug|Any CPU
		{6B900CB5-38EB-4DCF-8716-3BA97C909A2D}.Release|Any CPU.ActiveCfg = Release|Any CPU
		{6B900CB5-38EB-4DCF-8716-3BA97C909A2D}.Release|Any CPU.Build.0 = Release|Any CPU
		{87DF4298-FC94-45C7-A8DA-932D9F0D6497}.Debug|Any CPU.ActiveCfg = Debug|Any CPU
		{87DF4298-FC94-45C7-A8DA-932D9F0D6497}.Debug|Any CPU.Build.0 = Debug|Any CPU
		{87DF4298-FC94-45C7-A8DA-932D9F0D6497}.Release|Any CPU.ActiveCfg = Release|Any CPU
		{87DF4298-FC94-45C7-A8DA-932D9F0D6497}.Release|Any CPU.Build.0 = Release|Any CPU
		{9AE90C7A-1939-4B47-9792-23CFD1E1C694}.Debug|Any CPU.ActiveCfg = Debug|Any CPU
		{9AE90C7A-1939-4B47-9792-23CFD1E1C694}.Debug|Any CPU.Build.0 = Debug|Any CPU
		{9AE90C7A-1939-4B47-9792-23CFD1E1C694}.Release|Any CPU.ActiveCfg = Release|Any CPU
		{9AE90C7A-1939-4B47-9792-23CFD1E1C694}.Release|Any CPU.Build.0 = Release|Any CPU
		{CB08CFC7-A01E-4C7D-B32D-E2C057FF1440}.Debug|Any CPU.ActiveCfg = Debug|Any CPU
		{CB08CFC7-A01E-4C7D-B32D-E2C057FF1440}.Debug|Any CPU.Build.0 = Debug|Any CPU
		{CB08CFC7-A01E-4C7D-B32D-E2C057FF1440}.Release|Any CPU.ActiveCfg = Release|Any CPU
		{CB08CFC7-A01E-4C7D-B32D-E2C057FF1440}.Release|Any CPU.Build.0 = Release|Any CPU
	EndGlobalSection
	GlobalSection(SolutionProperties) = preSolution
		HideSolutionNode = FALSE
	EndGlobalSection
EndGlobal
