
Microsoft Visual Studio Solution File, Format Version 12.00
# Visual Studio 14
VisualStudioVersion = 14.0.22310.1
MinimumVisualStudioVersion = 10.0.40219.1
Project("{FAE04EC0-301F-11D3-BF4B-00C04F79EFBC}") = "GC回收", "GC回收\GC回收.csproj", "{3EBCFFB1-7284-4856-9C97-D10C11DB1F34}"
EndProject
Project("{FAE04EC0-301F-11D3-BF4B-00C04F79EFBC}") = "IDisposable测试", "IDisposable测试\IDisposable测试.csproj", "{477EB394-27C2-4ECE-939A-F6E3CF051B09}"
EndProject
Project("{FAE04EC0-301F-11D3-BF4B-00C04F79EFBC}") = "Linq1", "Linq1\Linq1.csproj", "{5CD851E0-AE97-4773-B4CA-0EA4AE97D5F7}"
EndProject
Project("{FAE04EC0-301F-11D3-BF4B-00C04F79EFBC}") = "Linq2", "Linq2\Linq2.csproj", "{D8FF4C68-A5BA-4232-99C3-C7E5D1BD9F52}"
EndProject
Project("{FAE04EC0-301F-11D3-BF4B-00C04F79EFBC}") = "UBB翻译", "UBB翻译\UBB翻译.csproj", "{82A40C78-CA41-46F7-AE86-4BCE27436DB8}"
EndProject
Project("{FAE04EC0-301F-11D3-BF4B-00C04F79EFBC}") = "访问级别约束", "访问级别约束\访问级别约束.csproj", "{6E6E4845-E293-43CD-A920-D633C87261C2}"
EndProject
Project("{FAE04EC0-301F-11D3-BF4B-00C04F79EFBC}") = "结构体", "结构体\结构体.csproj", "{88A0A9B8-F64B-4C37-9879-AF9C3AA51705}"
EndProject
Project("{FAE04EC0-301F-11D3-BF4B-00C04F79EFBC}") = "扩展方法", "扩展方法\扩展方法.csproj", "{37287021-0624-4877-BF6D-C66FBCDBD376}"
EndProject
Project("{FAE04EC0-301F-11D3-BF4B-00C04F79EFBC}") = "匿名方法", "匿名方法\匿名方法.csproj", "{B48EDBF4-FA30-4AB3-B193-27C720A079E2}"
EndProject
Project("{FAE04EC0-301F-11D3-BF4B-00C04F79EFBC}") = "匿名类型", "匿名类型\匿名类型.csproj", "{643A8326-B77E-4EC0-B67A-278961B6F682}"
EndProject
Project("{FAE04EC0-301F-11D3-BF4B-00C04F79EFBC}") = "深拷贝浅拷贝", "深拷贝浅拷贝\深拷贝浅拷贝.csproj", "{FD4AE3C1-5FD8-45B5-96D9-4330DD93E5B2}"
EndProject
Project("{FAE04EC0-301F-11D3-BF4B-00C04F79EFBC}") = "双击控件", "双击控件\双击控件.csproj", "{5F31D175-88EE-4B2E-8C48-0F552E0B5138}"
EndProject
Project("{FAE04EC0-301F-11D3-BF4B-00C04F79EFBC}") = "委托的组合", "委托的组合\委托的组合.csproj", "{BFD10BB7-1DEC-4141-9EA2-2913BDC7193E}"
EndProject
Project("{FAE04EC0-301F-11D3-BF4B-00C04F79EFBC}") = "委托实现事件", "委托实现事件\委托实现事件.csproj", "{07F11789-FEE0-4B80-B962-700742100DF8}"
EndProject
Project("{FAE04EC0-301F-11D3-BF4B-00C04F79EFBC}") = "委托应用之数据过滤", "委托应用之数据过滤\委托应用之数据过滤.csproj", "{FB3C959D-CBB9-4219-A013-967FAA66DB18}"
EndProject
Project("{FAE04EC0-301F-11D3-BF4B-00C04F79EFBC}") = "用户控件", "用户控件\用户控件.csproj", "{916B85DB-4287-4918-A17D-AB344F7CE039}"
EndProject
Project("{FAE04EC0-301F-11D3-BF4B-00C04F79EFBC}") = "用户控件2", "用户控件2\用户控件2.csproj", "{D56247D4-ADE0-492F-961E-45EA546F4A7C}"
EndProject
Project("{FAE04EC0-301F-11D3-BF4B-00C04F79EFBC}") = "运算符重载", "运算符重载\运算符重载.csproj", "{AB7B4702-9DDC-4AF8-9B5B-2791483D6595}"
EndProject
Project("{FAE04EC0-301F-11D3-BF4B-00C04F79EFBC}") = "正则表达式", "正则表达式\正则表达式.csproj", "{9A772AD2-5A46-4DA7-9E15-8F3D760CB0B1}"
EndProject
Project("{FAE04EC0-301F-11D3-BF4B-00C04F79EFBC}") = "正则表达式只能匹配中文", "正则表达式只能匹配中文\正则表达式只能匹配中文.csproj", "{362BAA2F-02C7-4DD1-9B45-57A63AC83DB5}"
EndProject
Project("{FAE04EC0-301F-11D3-BF4B-00C04F79EFBC}") = "指针", "指针\指针.csproj", "{937620D0-C26E-46ED-BCAD-2DB403B7D587}"
EndProject
Project("{FAE04EC0-301F-11D3-BF4B-00C04F79EFBC}") = "字符串拘留池", "字符串拘留池\字符串拘留池.csproj", "{E9875BAE-C138-4E62-992F-421096CEB8F9}"
EndProject
Global
	GlobalSection(SolutionConfigurationPlatforms) = preSolution
		Debug|Any CPU = Debug|Any CPU
		Release|Any CPU = Release|Any CPU
	EndGlobalSection
	GlobalSection(ProjectConfigurationPlatforms) = postSolution
		{3EBCFFB1-7284-4856-9C97-D10C11DB1F34}.Debug|Any CPU.ActiveCfg = Debug|Any CPU
		{3EBCFFB1-7284-4856-9C97-D10C11DB1F34}.Debug|Any CPU.Build.0 = Debug|Any CPU
		{3EBCFFB1-7284-4856-9C97-D10C11DB1F34}.Release|Any CPU.ActiveCfg = Release|Any CPU
		{3EBCFFB1-7284-4856-9C97-D10C11DB1F34}.Release|Any CPU.Build.0 = Release|Any CPU
		{477EB394-27C2-4ECE-939A-F6E3CF051B09}.Debug|Any CPU.ActiveCfg = Debug|Any CPU
		{477EB394-27C2-4ECE-939A-F6E3CF051B09}.Debug|Any CPU.Build.0 = Debug|Any CPU
		{477EB394-27C2-4ECE-939A-F6E3CF051B09}.Release|Any CPU.ActiveCfg = Release|Any CPU
		{477EB394-27C2-4ECE-939A-F6E3CF051B09}.Release|Any CPU.Build.0 = Release|Any CPU
		{5CD851E0-AE97-4773-B4CA-0EA4AE97D5F7}.Debug|Any CPU.ActiveCfg = Debug|Any CPU
		{5CD851E0-AE97-4773-B4CA-0EA4AE97D5F7}.Debug|Any CPU.Build.0 = Debug|Any CPU
		{5CD851E0-AE97-4773-B4CA-0EA4AE97D5F7}.Release|Any CPU.ActiveCfg = Release|Any CPU
		{5CD851E0-AE97-4773-B4CA-0EA4AE97D5F7}.Release|Any CPU.Build.0 = Release|Any CPU
		{D8FF4C68-A5BA-4232-99C3-C7E5D1BD9F52}.Debug|Any CPU.ActiveCfg = Debug|Any CPU
		{D8FF4C68-A5BA-4232-99C3-C7E5D1BD9F52}.Debug|Any CPU.Build.0 = Debug|Any CPU
		{D8FF4C68-A5BA-4232-99C3-C7E5D1BD9F52}.Release|Any CPU.ActiveCfg = Release|Any CPU
		{D8FF4C68-A5BA-4232-99C3-C7E5D1BD9F52}.Release|Any CPU.Build.0 = Release|Any CPU
		{82A40C78-CA41-46F7-AE86-4BCE27436DB8}.Debug|Any CPU.ActiveCfg = Debug|Any CPU
		{82A40C78-CA41-46F7-AE86-4BCE27436DB8}.Debug|Any CPU.Build.0 = Debug|Any CPU
		{82A40C78-CA41-46F7-AE86-4BCE27436DB8}.Release|Any CPU.ActiveCfg = Release|Any CPU
		{82A40C78-CA41-46F7-AE86-4BCE27436DB8}.Release|Any CPU.Build.0 = Release|Any CPU
		{6E6E4845-E293-43CD-A920-D633C87261C2}.Debug|Any CPU.ActiveCfg = Debug|Any CPU
		{6E6E4845-E293-43CD-A920-D633C87261C2}.Debug|Any CPU.Build.0 = Debug|Any CPU
		{6E6E4845-E293-43CD-A920-D633C87261C2}.Release|Any CPU.ActiveCfg = Release|Any CPU
		{6E6E4845-E293-43CD-A920-D633C87261C2}.Release|Any CPU.Build.0 = Release|Any CPU
		{88A0A9B8-F64B-4C37-9879-AF9C3AA51705}.Debug|Any CPU.ActiveCfg = Debug|Any CPU
		{88A0A9B8-F64B-4C37-9879-AF9C3AA51705}.Debug|Any CPU.Build.0 = Debug|Any CPU
		{88A0A9B8-F64B-4C37-9879-AF9C3AA51705}.Release|Any CPU.ActiveCfg = Release|Any CPU
		{88A0A9B8-F64B-4C37-9879-AF9C3AA51705}.Release|Any CPU.Build.0 = Release|Any CPU
		{37287021-0624-4877-BF6D-C66FBCDBD376}.Debug|Any CPU.ActiveCfg = Debug|Any CPU
		{37287021-0624-4877-BF6D-C66FBCDBD376}.Debug|Any CPU.Build.0 = Debug|Any CPU
		{37287021-0624-4877-BF6D-C66FBCDBD376}.Release|Any CPU.ActiveCfg = Release|Any CPU
		{37287021-0624-4877-BF6D-C66FBCDBD376}.Release|Any CPU.Build.0 = Release|Any CPU
		{B48EDBF4-FA30-4AB3-B193-27C720A079E2}.Debug|Any CPU.ActiveCfg = Debug|Any CPU
		{B48EDBF4-FA30-4AB3-B193-27C720A079E2}.Debug|Any CPU.Build.0 = Debug|Any CPU
		{B48EDBF4-FA30-4AB3-B193-27C720A079E2}.Release|Any CPU.ActiveCfg = Release|Any CPU
		{B48EDBF4-FA30-4AB3-B193-27C720A079E2}.Release|Any CPU.Build.0 = Release|Any CPU
		{643A8326-B77E-4EC0-B67A-278961B6F682}.Debug|Any CPU.ActiveCfg = Debug|Any CPU
		{643A8326-B77E-4EC0-B67A-278961B6F682}.Debug|Any CPU.Build.0 = Debug|Any CPU
		{643A8326-B77E-4EC0-B67A-278961B6F682}.Release|Any CPU.ActiveCfg = Release|Any CPU
		{643A8326-B77E-4EC0-B67A-278961B6F682}.Release|Any CPU.Build.0 = Release|Any CPU
		{FD4AE3C1-5FD8-45B5-96D9-4330DD93E5B2}.Debug|Any CPU.ActiveCfg = Debug|Any CPU
		{FD4AE3C1-5FD8-45B5-96D9-4330DD93E5B2}.Debug|Any CPU.Build.0 = Debug|Any CPU
		{FD4AE3C1-5FD8-45B5-96D9-4330DD93E5B2}.Release|Any CPU.ActiveCfg = Release|Any CPU
		{FD4AE3C1-5FD8-45B5-96D9-4330DD93E5B2}.Release|Any CPU.Build.0 = Release|Any CPU
		{5F31D175-88EE-4B2E-8C48-0F552E0B5138}.Debug|Any CPU.ActiveCfg = Debug|Any CPU
		{5F31D175-88EE-4B2E-8C48-0F552E0B5138}.Debug|Any CPU.Build.0 = Debug|Any CPU
		{5F31D175-88EE-4B2E-8C48-0F552E0B5138}.Release|Any CPU.ActiveCfg = Release|Any CPU
		{5F31D175-88EE-4B2E-8C48-0F552E0B5138}.Release|Any CPU.Build.0 = Release|Any CPU
		{BFD10BB7-1DEC-4141-9EA2-2913BDC7193E}.Debug|Any CPU.ActiveCfg = Debug|Any CPU
		{BFD10BB7-1DEC-4141-9EA2-2913BDC7193E}.Debug|Any CPU.Build.0 = Debug|Any CPU
		{BFD10BB7-1DEC-4141-9EA2-2913BDC7193E}.Release|Any CPU.ActiveCfg = Release|Any CPU
		{BFD10BB7-1DEC-4141-9EA2-2913BDC7193E}.Release|Any CPU.Build.0 = Release|Any CPU
		{07F11789-FEE0-4B80-B962-700742100DF8}.Debug|Any CPU.ActiveCfg = Debug|Any CPU
		{07F11789-FEE0-4B80-B962-700742100DF8}.Debug|Any CPU.Build.0 = Debug|Any CPU
		{07F11789-FEE0-4B80-B962-700742100DF8}.Release|Any CPU.ActiveCfg = Release|Any CPU
		{07F11789-FEE0-4B80-B962-700742100DF8}.Release|Any CPU.Build.0 = Release|Any CPU
		{FB3C959D-CBB9-4219-A013-967FAA66DB18}.Debug|Any CPU.ActiveCfg = Debug|Any CPU
		{FB3C959D-CBB9-4219-A013-967FAA66DB18}.Debug|Any CPU.Build.0 = Debug|Any CPU
		{FB3C959D-CBB9-4219-A013-967FAA66DB18}.Release|Any CPU.ActiveCfg = Release|Any CPU
		{FB3C959D-CBB9-4219-A013-967FAA66DB18}.Release|Any CPU.Build.0 = Release|Any CPU
		{916B85DB-4287-4918-A17D-AB344F7CE039}.Debug|Any CPU.ActiveCfg = Debug|Any CPU
		{916B85DB-4287-4918-A17D-AB344F7CE039}.Debug|Any CPU.Build.0 = Debug|Any CPU
		{916B85DB-4287-4918-A17D-AB344F7CE039}.Release|Any CPU.ActiveCfg = Release|Any CPU
		{916B85DB-4287-4918-A17D-AB344F7CE039}.Release|Any CPU.Build.0 = Release|Any CPU
		{D56247D4-ADE0-492F-961E-45EA546F4A7C}.Debug|Any CPU.ActiveCfg = Debug|Any CPU
		{D56247D4-ADE0-492F-961E-45EA546F4A7C}.Debug|Any CPU.Build.0 = Debug|Any CPU
		{D56247D4-ADE0-492F-961E-45EA546F4A7C}.Release|Any CPU.ActiveCfg = Release|Any CPU
		{D56247D4-ADE0-492F-961E-45EA546F4A7C}.Release|Any CPU.Build.0 = Release|Any CPU
		{AB7B4702-9DDC-4AF8-9B5B-2791483D6595}.Debug|Any CPU.ActiveCfg = Debug|Any CPU
		{AB7B4702-9DDC-4AF8-9B5B-2791483D6595}.Debug|Any CPU.Build.0 = Debug|Any CPU
		{AB7B4702-9DDC-4AF8-9B5B-2791483D6595}.Release|Any CPU.ActiveCfg = Release|Any CPU
		{AB7B4702-9DDC-4AF8-9B5B-2791483D6595}.Release|Any CPU.Build.0 = Release|Any CPU
		{9A772AD2-5A46-4DA7-9E15-8F3D760CB0B1}.Debug|Any CPU.ActiveCfg = Debug|Any CPU
		{9A772AD2-5A46-4DA7-9E15-8F3D760CB0B1}.Debug|Any CPU.Build.0 = Debug|Any CPU
		{9A772AD2-5A46-4DA7-9E15-8F3D760CB0B1}.Release|Any CPU.ActiveCfg = Release|Any CPU
		{9A772AD2-5A46-4DA7-9E15-8F3D760CB0B1}.Release|Any CPU.Build.0 = Release|Any CPU
		{362BAA2F-02C7-4DD1-9B45-57A63AC83DB5}.Debug|Any CPU.ActiveCfg = Debug|Any CPU
		{362BAA2F-02C7-4DD1-9B45-57A63AC83DB5}.Debug|Any CPU.Build.0 = Debug|Any CPU
		{362BAA2F-02C7-4DD1-9B45-57A63AC83DB5}.Release|Any CPU.ActiveCfg = Release|Any CPU
		{362BAA2F-02C7-4DD1-9B45-57A63AC83DB5}.Release|Any CPU.Build.0 = Release|Any CPU
		{937620D0-C26E-46ED-BCAD-2DB403B7D587}.Debug|Any CPU.ActiveCfg = Debug|Any CPU
		{937620D0-C26E-46ED-BCAD-2DB403B7D587}.Debug|Any CPU.Build.0 = Debug|Any CPU
		{937620D0-C26E-46ED-BCAD-2DB403B7D587}.Release|Any CPU.ActiveCfg = Release|Any CPU
		{937620D0-C26E-46ED-BCAD-2DB403B7D587}.Release|Any CPU.Build.0 = Release|Any CPU
		{E9875BAE-C138-4E62-992F-421096CEB8F9}.Debug|Any CPU.ActiveCfg = Debug|Any CPU
		{E9875BAE-C138-4E62-992F-421096CEB8F9}.Debug|Any CPU.Build.0 = Debug|Any CPU
		{E9875BAE-C138-4E62-992F-421096CEB8F9}.Release|Any CPU.ActiveCfg = Release|Any CPU
		{E9875BAE-C138-4E62-992F-421096CEB8F9}.Release|Any CPU.Build.0 = Release|Any CPU
	EndGlobalSection
	GlobalSection(SolutionProperties) = preSolution
		HideSolutionNode = FALSE
	EndGlobalSection
EndGlobal
